
Microsoft Visual Studio Solution File, Format Version 12.00
# Visual Studio Version 16
VisualStudioVersion = 16.0.29613.14
MinimumVisualStudioVersion = 10.0.40219.1
Project("{FAE04EC0-301F-11D3-BF4B-00C04F79EFBC}") = "TripTracker.BackService", "TripTracker.BackService\TripTracker.BackService.csproj", "{200E0B9C-8656-42A5-8181-5B3BFB143D40}"
EndProject
Global
	GlobalSection(SolutionConfigurationPlatforms) = preSolution
		Debug|Any CPU = Debug|Any CPU
		Release|Any CPU = Release|Any CPU
	EndGlobalSection
	GlobalSection(ProjectConfigurationPlatforms) = postSolution
		{200E0B9C-8656-42A5-8181-5B3BFB143D40}.Debug|Any CPU.ActiveCfg = Debug|Any CPU
		{200E0B9C-8656-42A5-8181-5B3BFB143D40}.Debug|Any CPU.Build.0 = Debug|Any CPU
		{200E0B9C-8656-42A5-8181-5B3BFB143D40}.Release|Any CPU.ActiveCfg = Release|Any CPU
		{200E0B9C-8656-42A5-8181-5B3BFB143D40}.Release|Any CPU.Build.0 = Release|Any CPU
	EndGlobalSection
	GlobalSection(SolutionProperties) = preSolution
		HideSolutionNode = FALSE
	EndGlobalSection
	GlobalSection(ExtensibilityGlobals) = postSolution
		SolutionGuid = {22C8BA3B-BAC0-49A5-84B8-1C0D2BAD3308}
	EndGlobalSection
EndGlobal
